
Microsoft Visual Studio Solution File, Format Version 12.00
# Visual Studio 15
VisualStudioVersion = 15.0.28010.2026
MinimumVisualStudioVersion = 10.0.40219.1
Project("{FAE04EC0-301F-11D3-BF4B-00C04F79EFBC}") = "ScanRFID", "ScanRFID\ScanRFID.csproj", "{9A4F9602-69A0-4842-9872-A6893AAC8BB5}"
EndProject
Global
	GlobalSection(SolutionConfigurationPlatforms) = preSolution
		Debug|Any CPU = Debug|Any CPU
		Release|Any CPU = Release|Any CPU
	EndGlobalSection
	GlobalSection(ProjectConfigurationPlatforms) = postSolution
		{9A4F9602-69A0-4842-9872-A6893AAC8BB5}.Debug|Any CPU.ActiveCfg = Debug|Any CPU
		{9A4F9602-69A0-4842-9872-A6893AAC8BB5}.Debug|Any CPU.Build.0 = Debug|Any CPU
		{9A4F9602-69A0-4842-9872-A6893AAC8BB5}.Release|Any CPU.ActiveCfg = Release|Any CPU
		{9A4F9602-69A0-4842-9872-A6893AAC8BB5}.Release|Any CPU.Build.0 = Release|Any CPU
	EndGlobalSection
	GlobalSection(SolutionProperties) = preSolution
		HideSolutionNode = FALSE
	EndGlobalSection
	GlobalSection(ExtensibilityGlobals) = postSolution
		SolutionGuid = {05F0B2B8-B468-4B6A-9721-9EF181048B63}
	EndGlobalSection
EndGlobal
